#
# This file is autogenerated by pip-compile with Python 3.11
# by the following command:
#
#    pip-compile --output-file=requirements.lock requirements.txt
#
numpy==1.26.4
    # via
    #   -r requirements.txt
    #   opencv-python
    #   pandas
opencv-python==4.9.0.80
    # via -r requirements.txt
pandas==2.1.4
    # via -r requirements.txt
python-dateutil==2.9.0.post0
    # via pandas
pytz==2024.1
    # via pandas
six==1.16.0
    # via python-dateutil
tzdata==2024.1
    # via pandas
